
Microsoft Visual Studio Solution File, Format Version 12.00
# Visual Studio Version 16
VisualStudioVersion = 16.0.34114.132
MinimumVisualStudioVersion = 10.0.40219.1
Project("{FAE04EC0-301F-11D3-BF4B-00C04F79EFBC}") = "Webscraper", "Webscraper\Webscraper.csproj", "{A9D7DE0F-9669-4BCF-9033-C860AB9F0D3D}"
EndProject
Global
	GlobalSection(SolutionConfigurationPlatforms) = preSolution
		Debug|Any CPU = Debug|Any CPU
		Release|Any CPU = Release|Any CPU
	EndGlobalSection
	GlobalSection(ProjectConfigurationPlatforms) = postSolution
		{A9D7DE0F-9669-4BCF-9033-C860AB9F0D3D}.Debug|Any CPU.ActiveCfg = Debug|Any CPU
		{A9D7DE0F-9669-4BCF-9033-C860AB9F0D3D}.Debug|Any CPU.Build.0 = Debug|Any CPU
		{A9D7DE0F-9669-4BCF-9033-C860AB9F0D3D}.Release|Any CPU.ActiveCfg = Release|Any CPU
		{A9D7DE0F-9669-4BCF-9033-C860AB9F0D3D}.Release|Any CPU.Build.0 = Release|Any CPU
	EndGlobalSection
	GlobalSection(SolutionProperties) = preSolution
		HideSolutionNode = FALSE
	EndGlobalSection
	GlobalSection(ExtensibilityGlobals) = postSolution
		SolutionGuid = {B0D522B4-71B9-408F-AFB5-4F9433F8B539}
	EndGlobalSection
EndGlobal
